Microsoft Visual Studio Solution File, Format Version 12.00
# Visual Studio 2012
Project("{FAE04EC0-301F-11D3-BF4B-00C04F79EFBC}") = "In Game Commands", "In Game Commands.csproj", "{9981C5C1-D8B4-49B2-8864-ADA24C192353}"
EndProject
Global
	GlobalSection(SolutionConfigurationPlatforms) = preSolution
	Debug|Any CPU = Debug|Any CPU
	ExportDebug|Any CPU = ExportDebug|Any CPU
	ExportRelease|Any CPU = ExportRelease|Any CPU
	EndGlobalSection
	GlobalSection(ProjectConfigurationPlatforms) = postSolution
		{9981C5C1-D8B4-49B2-8864-ADA24C192353}.Debug|Any CPU.ActiveCfg = Debug|Any CPU
		{9981C5C1-D8B4-49B2-8864-ADA24C192353}.Debug|Any CPU.Build.0 = Debug|Any CPU
		{9981C5C1-D8B4-49B2-8864-ADA24C192353}.ExportDebug|Any CPU.ActiveCfg = ExportDebug|Any CPU
		{9981C5C1-D8B4-49B2-8864-ADA24C192353}.ExportDebug|Any CPU.Build.0 = ExportDebug|Any CPU
		{9981C5C1-D8B4-49B2-8864-ADA24C192353}.ExportRelease|Any CPU.ActiveCfg = ExportRelease|Any CPU
		{9981C5C1-D8B4-49B2-8864-ADA24C192353}.ExportRelease|Any CPU.Build.0 = ExportRelease|Any CPU
	EndGlobalSection
EndGlobal
